
Microsoft Visual Studio Solution File, Format Version 12.00
# Visual Studio Version 17
VisualStudioVersion = 17.0.32014.148
MinimumVisualStudioVersion = 10.0.40219.1
Project("{FAE04EC0-301F-11D3-BF4B-00C04F79EFBC}") = "tkud giai pt", "tkud giai pt\tkud giai pt.csproj", "{14577BB0-689B-40BB-B273-0F6DD1DA7097}"
EndProject
Global
	GlobalSection(SolutionConfigurationPlatforms) = preSolution
		Debug|Any CPU = Debug|Any CPU
		Release|Any CPU = Release|Any CPU
	EndGlobalSection
	GlobalSection(ProjectConfigurationPlatforms) = postSolution
		{14577BB0-689B-40BB-B273-0F6DD1DA7097}.Debug|Any CPU.ActiveCfg = Debug|Any CPU
		{14577BB0-689B-40BB-B273-0F6DD1DA7097}.Debug|Any CPU.Build.0 = Debug|Any CPU
		{14577BB0-689B-40BB-B273-0F6DD1DA7097}.Release|Any CPU.ActiveCfg = Release|Any CPU
		{14577BB0-689B-40BB-B273-0F6DD1DA7097}.Release|Any CPU.Build.0 = Release|Any CPU
	EndGlobalSection
	GlobalSection(SolutionProperties) = preSolution
		HideSolutionNode = FALSE
	EndGlobalSection
	GlobalSection(ExtensibilityGlobals) = postSolution
		SolutionGuid = {368E98DD-524D-4659-B913-876FF3054DFD}
	EndGlobalSection
EndGlobal
