
Microsoft Visual Studio Solution File, Format Version 12.00
# Visual Studio Version 17
VisualStudioVersion = 17.1.32407.343
MinimumVisualStudioVersion = 10.0.40219.1
Project("{FAE04EC0-301F-11D3-BF4B-00C04F79EFBC}") = "onthi4", "onthi4\onthi4.csproj", "{5959F60F-14BB-4973-A798-671B61AC0883}"
EndProject
Global
	GlobalSection(SolutionConfigurationPlatforms) = preSolution
		Debug|Any CPU = Debug|Any CPU
		Release|Any CPU = Release|Any CPU
	EndGlobalSection
	GlobalSection(ProjectConfigurationPlatforms) = postSolution
		{5959F60F-14BB-4973-A798-671B61AC0883}.Debug|Any CPU.ActiveCfg = Debug|Any CPU
		{5959F60F-14BB-4973-A798-671B61AC0883}.Debug|Any CPU.Build.0 = Debug|Any CPU
		{5959F60F-14BB-4973-A798-671B61AC0883}.Release|Any CPU.ActiveCfg = Release|Any CPU
		{5959F60F-14BB-4973-A798-671B61AC0883}.Release|Any CPU.Build.0 = Release|Any CPU
	EndGlobalSection
	GlobalSection(SolutionProperties) = preSolution
		HideSolutionNode = FALSE
	EndGlobalSection
	GlobalSection(ExtensibilityGlobals) = postSolution
		SolutionGuid = {7E3EE65B-6DF8-481D-95FD-5EE34AC339AA}
	EndGlobalSection
EndGlobal
