
Microsoft Visual Studio Solution File, Format Version 12.00
# Visual Studio Version 17
VisualStudioVersion = 17.0.32014.148
MinimumVisualStudioVersion = 10.0.40219.1
Project("{FAE04EC0-301F-11D3-BF4B-00C04F79EFBC}") = "btap 20-1", "btap 20-1\btap 20-1.csproj", "{5727BF45-BFFC-4291-89F9-36011BA73813}"
EndProject
Global
	GlobalSection(SolutionConfigurationPlatforms) = preSolution
		Debug|Any CPU = Debug|Any CPU
		Release|Any CPU = Release|Any CPU
	EndGlobalSection
	GlobalSection(ProjectConfigurationPlatforms) = postSolution
		{5727BF45-BFFC-4291-89F9-36011BA73813}.Debug|Any CPU.ActiveCfg = Debug|Any CPU
		{5727BF45-BFFC-4291-89F9-36011BA73813}.Debug|Any CPU.Build.0 = Debug|Any CPU
		{5727BF45-BFFC-4291-89F9-36011BA73813}.Release|Any CPU.ActiveCfg = Release|Any CPU
		{5727BF45-BFFC-4291-89F9-36011BA73813}.Release|Any CPU.Build.0 = Release|Any CPU
	EndGlobalSection
	GlobalSection(SolutionProperties) = preSolution
		HideSolutionNode = FALSE
	EndGlobalSection
	GlobalSection(ExtensibilityGlobals) = postSolution
		SolutionGuid = {943D70B0-BC68-4CB9-A9DA-EE753E6E957B}
	EndGlobalSection
EndGlobal
