
Microsoft Visual Studio Solution File, Format Version 12.00
# Visual Studio Version 17
VisualStudioVersion = 17.0.32014.148
MinimumVisualStudioVersion = 10.0.40219.1
Project("{FAE04EC0-301F-11D3-BF4B-00C04F79EFBC}") = "btap 08-02", "btap 08-02\btap 08-02.csproj", "{1B6D763E-A121-4896-86E7-FF65E96488C5}"
EndProject
Global
	GlobalSection(SolutionConfigurationPlatforms) = preSolution
		Debug|Any CPU = Debug|Any CPU
		Release|Any CPU = Release|Any CPU
	EndGlobalSection
	GlobalSection(ProjectConfigurationPlatforms) = postSolution
		{1B6D763E-A121-4896-86E7-FF65E96488C5}.Debug|Any CPU.ActiveCfg = Debug|Any CPU
		{1B6D763E-A121-4896-86E7-FF65E96488C5}.Debug|Any CPU.Build.0 = Debug|Any CPU
		{1B6D763E-A121-4896-86E7-FF65E96488C5}.Release|Any CPU.ActiveCfg = Release|Any CPU
		{1B6D763E-A121-4896-86E7-FF65E96488C5}.Release|Any CPU.Build.0 = Release|Any CPU
	EndGlobalSection
	GlobalSection(SolutionProperties) = preSolution
		HideSolutionNode = FALSE
	EndGlobalSection
	GlobalSection(ExtensibilityGlobals) = postSolution
		SolutionGuid = {3216FC86-3F93-4A2F-A84D-B0B3A1293585}
	EndGlobalSection
EndGlobal
