
Microsoft Visual Studio Solution File, Format Version 12.00
# Visual Studio Version 17
VisualStudioVersion = 17.0.32014.148
MinimumVisualStudioVersion = 10.0.40219.1
Project("{FAE04EC0-301F-11D3-BF4B-00C04F79EFBC}") = "on tap 2 15-03", "on tap 2 15-03\on tap 2 15-03.csproj", "{CA7130A8-B428-4CF9-8506-0544F8389C17}"
EndProject
Global
	GlobalSection(SolutionConfigurationPlatforms) = preSolution
		Debug|Any CPU = Debug|Any CPU
		Release|Any CPU = Release|Any CPU
	EndGlobalSection
	GlobalSection(ProjectConfigurationPlatforms) = postSolution
		{CA7130A8-B428-4CF9-8506-0544F8389C17}.Debug|Any CPU.ActiveCfg = Debug|Any CPU
		{CA7130A8-B428-4CF9-8506-0544F8389C17}.Debug|Any CPU.Build.0 = Debug|Any CPU
		{CA7130A8-B428-4CF9-8506-0544F8389C17}.Release|Any CPU.ActiveCfg = Release|Any CPU
		{CA7130A8-B428-4CF9-8506-0544F8389C17}.Release|Any CPU.Build.0 = Release|Any CPU
	EndGlobalSection
	GlobalSection(SolutionProperties) = preSolution
		HideSolutionNode = FALSE
	EndGlobalSection
	GlobalSection(ExtensibilityGlobals) = postSolution
		SolutionGuid = {77C0C082-4FB6-47C9-83D2-1E925A37AB99}
	EndGlobalSection
EndGlobal
